
Microsoft Visual Studio Solution File, Format Version 12.00
# Visual Studio Version 17
VisualStudioVersion = 17.4.33103.184
MinimumVisualStudioVersion = 10.0.40219.1
Project("{FAE04EC0-301F-11D3-BF4B-00C04F79EFBC}") = "VacancyProxy", "VacancyProxy.csproj", "{5D83D50E-D572-4088-94E4-54724CE16747}"
EndProject
Global
	GlobalSection(SolutionConfigurationPlatforms) = preSolution
		Debug|Any CPU = Debug|Any CPU
		Release|Any CPU = Release|Any CPU
	EndGlobalSection
	GlobalSection(ProjectConfigurationPlatforms) = postSolution
		{5D83D50E-D572-4088-94E4-54724CE16747}.Debug|Any CPU.ActiveCfg = Debug|Any CPU
		{5D83D50E-D572-4088-94E4-54724CE16747}.Debug|Any CPU.Build.0 = Debug|Any CPU
		{5D83D50E-D572-4088-94E4-54724CE16747}.Release|Any CPU.ActiveCfg = Release|Any CPU
		{5D83D50E-D572-4088-94E4-54724CE16747}.Release|Any CPU.Build.0 = Release|Any CPU
	EndGlobalSection
	GlobalSection(SolutionProperties) = preSolution
		HideSolutionNode = FALSE
	EndGlobalSection
	GlobalSection(ExtensibilityGlobals) = postSolution
		SolutionGuid = {781D0D58-FA65-453D-AB9F-8A7D9A43DC67}
	EndGlobalSection
EndGlobal
